
Microsoft Visual Studio Solution File, Format Version 12.00
# Visual Studio 15
VisualStudioVersion = 15.0.27703.2035
MinimumVisualStudioVersion = 10.0.40219.1
Project("{FAE04EC0-301F-11D3-BF4B-00C04F79EFBC}") = "CodilityTemplate", "source\CodilityTemplate.csproj", "{042BA1AB-A3F7-4922-B91C-B19315E64B32}"
EndProject
Global
	GlobalSection(SolutionConfigurationPlatforms) = preSolution
		Debug|Any CPU = Debug|Any CPU
		Release|Any CPU = Release|Any CPU
	EndGlobalSection
	GlobalSection(ProjectConfigurationPlatforms) = postSolution
		{042BA1AB-A3F7-4922-B91C-B19315E64B32}.Debug|Any CPU.ActiveCfg = Debug|Any CPU
		{042BA1AB-A3F7-4922-B91C-B19315E64B32}.Debug|Any CPU.Build.0 = Debug|Any CPU
		{042BA1AB-A3F7-4922-B91C-B19315E64B32}.Release|Any CPU.ActiveCfg = Release|Any CPU
		{042BA1AB-A3F7-4922-B91C-B19315E64B32}.Release|Any CPU.Build.0 = Release|Any CPU
	EndGlobalSection
	GlobalSection(SolutionProperties) = preSolution
		HideSolutionNode = FALSE
	EndGlobalSection
	GlobalSection(ExtensibilityGlobals) = postSolution
		SolutionGuid = {29AEA5EE-837A-4BAA-94FD-20D7F63E1AF1}
	EndGlobalSection
EndGlobal
